// !$*UTF8*$!
{
	archiveVersion = 1;
	classes = {
	};
	objectVersion = 46;
	objects = {

/* Begin PBXBuildFile section */
		EF192A4B1D319C3400B484A1 /* OptionParser.swift in Sources */ = {isa = PBXBuildFile; fileRef = EF192A491D319C3400B484A1 /* OptionParser.swift */; };
		EF192A4C1D319C3400B484A1 /* OptionRegistry.swift in Sources */ = {isa = PBXBuildFile; fileRef = EF192A4A1D319C3400B484A1 /* OptionRegistry.swift */; };
		EF192A4E1D319C4900B484A1 /* CommandArgumentParser.swift in Sources */ = {isa = PBXBuildFile; fileRef = EF192A4D1D319C4900B484A1 /* CommandArgumentParser.swift */; };
		EF192A501D319C9200B484A1 /* RawArgumentParser.swift in Sources */ = {isa = PBXBuildFile; fileRef = EF192A4F1D319C9200B484A1 /* RawArgumentParser.swift */; };
		EF192A571D319D5100B484A1 /* CommandArgumentsTests.swift in Sources */ = {isa = PBXBuildFile; fileRef = EF192A511D319D5100B484A1 /* CommandArgumentsTests.swift */; };
		EF192A581D319D5100B484A1 /* CommandMessageGeneratorTests.swift in Sources */ = {isa = PBXBuildFile; fileRef = EF192A521D319D5100B484A1 /* CommandMessageGeneratorTests.swift */; };
		EF192A591D319D5100B484A1 /* OptionParserTests.swift in Sources */ = {isa = PBXBuildFile; fileRef = EF192A531D319D5100B484A1 /* OptionParserTests.swift */; };
		EF192A5A1D319D5100B484A1 /* RouterTests.swift in Sources */ = {isa = PBXBuildFile; fileRef = EF192A541D319D5100B484A1 /* RouterTests.swift */; };
		EF192A5B1D319D5100B484A1 /* SwiftCLITests.swift in Sources */ = {isa = PBXBuildFile; fileRef = EF192A551D319D5100B484A1 /* SwiftCLITests.swift */; };
		EF192A5C1D319D5100B484A1 /* TestCommand.swift in Sources */ = {isa = PBXBuildFile; fileRef = EF192A561D319D5100B484A1 /* TestCommand.swift */; };
		EF96C4681C32F9850031CEAC /* ChainableCommand.swift in Sources */ = {isa = PBXBuildFile; fileRef = EF96C4591C32F9850031CEAC /* ChainableCommand.swift */; };
		EF96C4691C32F9850031CEAC /* CLI.swift in Sources */ = {isa = PBXBuildFile; fileRef = EF96C45A1C32F9850031CEAC /* CLI.swift */; };
		EF96C46A1C32F9850031CEAC /* Command.swift in Sources */ = {isa = PBXBuildFile; fileRef = EF96C45B1C32F9850031CEAC /* Command.swift */; };
		EF96C46B1C32F9850031CEAC /* CommandArguments.swift in Sources */ = {isa = PBXBuildFile; fileRef = EF96C45C1C32F9850031CEAC /* CommandArguments.swift */; };
		EF96C46C1C32F9850031CEAC /* CommandMessageGenerator.swift in Sources */ = {isa = PBXBuildFile; fileRef = EF96C45D1C32F9850031CEAC /* CommandMessageGenerator.swift */; };
		EF96C46D1C32F9850031CEAC /* CommandSignature.swift in Sources */ = {isa = PBXBuildFile; fileRef = EF96C45E1C32F9850031CEAC /* CommandSignature.swift */; };
		EF96C46E1C32F9850031CEAC /* Extensions.swift in Sources */ = {isa = PBXBuildFile; fileRef = EF96C45F1C32F9850031CEAC /* Extensions.swift */; };
		EF96C46F1C32F9850031CEAC /* HelpCommand.swift in Sources */ = {isa = PBXBuildFile; fileRef = EF96C4601C32F9850031CEAC /* HelpCommand.swift */; };
		EF96C4701C32F9850031CEAC /* Input.swift in Sources */ = {isa = PBXBuildFile; fileRef = EF96C4611C32F9850031CEAC /* Input.swift */; };
		EF96C4711C32F9850031CEAC /* LightweightCommand.swift in Sources */ = {isa = PBXBuildFile; fileRef = EF96C4621C32F9850031CEAC /* LightweightCommand.swift */; };
		EF96C4731C32F9850031CEAC /* Output.swift in Sources */ = {isa = PBXBuildFile; fileRef = EF96C4641C32F9850031CEAC /* Output.swift */; };
		EF96C4741C32F9850031CEAC /* RawArguments.swift in Sources */ = {isa = PBXBuildFile; fileRef = EF96C4651C32F9850031CEAC /* RawArguments.swift */; };
		EF96C4751C32F9850031CEAC /* Router.swift in Sources */ = {isa = PBXBuildFile; fileRef = EF96C4661C32F9850031CEAC /* Router.swift */; };
		EF96C4761C32F9850031CEAC /* VersionCommand.swift in Sources */ = {isa = PBXBuildFile; fileRef = EF96C4671C32F9850031CEAC /* VersionCommand.swift */; };
		EF96C4801C32F98F0031CEAC /* Info.plist in Resources */ = {isa = PBXBuildFile; fileRef = EF96C47A1C32F98F0031CEAC /* Info.plist */; };
		EFBFD6CA1C3251E10068CB26 /* SwiftCLI.h in Headers */ = {isa = PBXBuildFile; fileRef = EFBFD6C91C3251E10068CB26 /* SwiftCLI.h */; settings = {ATTRIBUTES = (Public, ); }; };
		EFBFD6D11C3251E10068CB26 /* SwiftCLI.framework in Frameworks */ = {isa = PBXBuildFile; fileRef = EFBFD6C61C3251E10068CB26 /* SwiftCLI.framework */; };
/* End PBXBuildFile section */

/* Begin PBXContainerItemProxy section */
		EFBFD6D21C3251E10068CB26 /* PBXContainerItemProxy */ = {
			isa = PBXContainerItemProxy;
			containerPortal = EFBFD6BD1C3251E10068CB26 /* Project object */;
			proxyType = 1;
			remoteGlobalIDString = EFBFD6C51C3251E10068CB26;
			remoteInfo = SwiftCLI;
		};
/* End PBXContainerItemProxy section */

/* Begin PBXFileReference section */
		EF192A491D319C3400B484A1 /* OptionParser.swift */ = {isa = PBXFileReference; fileEncoding = 4; lastKnownFileType = sourcecode.swift; path = OptionParser.swift; sourceTree = "<group>"; };
		EF192A4A1D319C3400B484A1 /* OptionRegistry.swift */ = {isa = PBXFileReference; fileEncoding = 4; lastKnownFileType = sourcecode.swift; path = OptionRegistry.swift; sourceTree = "<group>"; };
		EF192A4D1D319C4900B484A1 /* CommandArgumentParser.swift */ = {isa = PBXFileReference; fileEncoding = 4; lastKnownFileType = sourcecode.swift; path = CommandArgumentParser.swift; sourceTree = "<group>"; };
		EF192A4F1D319C9200B484A1 /* RawArgumentParser.swift */ = {isa = PBXFileReference; fileEncoding = 4; lastKnownFileType = sourcecode.swift; path = RawArgumentParser.swift; sourceTree = "<group>"; };
		EF192A511D319D5100B484A1 /* CommandArgumentsTests.swift */ = {isa = PBXFileReference; fileEncoding = 4; lastKnownFileType = sourcecode.swift; name = CommandArgumentsTests.swift; path = SwiftCLI/CommandArgumentsTests.swift; sourceTree = "<group>"; };
		EF192A521D319D5100B484A1 /* CommandMessageGeneratorTests.swift */ = {isa = PBXFileReference; fileEncoding = 4; lastKnownFileType = sourcecode.swift; name = CommandMessageGeneratorTests.swift; path = SwiftCLI/CommandMessageGeneratorTests.swift; sourceTree = "<group>"; };
		EF192A531D319D5100B484A1 /* OptionParserTests.swift */ = {isa = PBXFileReference; fileEncoding = 4; lastKnownFileType = sourcecode.swift; name = OptionParserTests.swift; path = SwiftCLI/OptionParserTests.swift; sourceTree = "<group>"; };
		EF192A541D319D5100B484A1 /* RouterTests.swift */ = {isa = PBXFileReference; fileEncoding = 4; lastKnownFileType = sourcecode.swift; name = RouterTests.swift; path = SwiftCLI/RouterTests.swift; sourceTree = "<group>"; };
		EF192A551D319D5100B484A1 /* SwiftCLITests.swift */ = {isa = PBXFileReference; fileEncoding = 4; lastKnownFileType = sourcecode.swift; name = SwiftCLITests.swift; path = SwiftCLI/SwiftCLITests.swift; sourceTree = "<group>"; };
		EF192A561D319D5100B484A1 /* TestCommand.swift */ = {isa = PBXFileReference; fileEncoding = 4; lastKnownFileType = sourcecode.swift; name = TestCommand.swift; path = SwiftCLI/TestCommand.swift; sourceTree = "<group>"; };
		EF96C4551C32F8B10031CEAC /* Info.plist */ = {isa = PBXFileReference; fileEncoding = 4; lastKnownFileType = text.plist.xml; path = Info.plist; sourceTree = "<group>"; };
		EF96C4591C32F9850031CEAC /* ChainableCommand.swift */ = {isa = PBXFileReference; fileEncoding = 4; lastKnownFileType = sourcecode.swift; path = ChainableCommand.swift; sourceTree = "<group>"; };
		EF96C45A1C32F9850031CEAC /* CLI.swift */ = {isa = PBXFileReference; fileEncoding = 4; lastKnownFileType = sourcecode.swift; path = CLI.swift; sourceTree = "<group>"; };
		EF96C45B1C32F9850031CEAC /* Command.swift */ = {isa = PBXFileReference; fileEncoding = 4; lastKnownFileType = sourcecode.swift; path = Command.swift; sourceTree = "<group>"; };
		EF96C45C1C32F9850031CEAC /* CommandArguments.swift */ = {isa = PBXFileReference; fileEncoding = 4; lastKnownFileType = sourcecode.swift; path = CommandArguments.swift; sourceTree = "<group>"; };
		EF96C45D1C32F9850031CEAC /* CommandMessageGenerator.swift */ = {isa = PBXFileReference; fileEncoding = 4; lastKnownFileType = sourcecode.swift; path = CommandMessageGenerator.swift; sourceTree = "<group>"; };
		EF96C45E1C32F9850031CEAC /* CommandSignature.swift */ = {isa = PBXFileReference; fileEncoding = 4; lastKnownFileType = sourcecode.swift; path = CommandSignature.swift; sourceTree = "<group>"; };
		EF96C45F1C32F9850031CEAC /* Extensions.swift */ = {isa = PBXFileReference; fileEncoding = 4; lastKnownFileType = sourcecode.swift; path = Extensions.swift; sourceTree = "<group>"; };
		EF96C4601C32F9850031CEAC /* HelpCommand.swift */ = {isa = PBXFileReference; fileEncoding = 4; lastKnownFileType = sourcecode.swift; path = HelpCommand.swift; sourceTree = "<group>"; };
		EF96C4611C32F9850031CEAC /* Input.swift */ = {isa = PBXFileReference; fileEncoding = 4; lastKnownFileType = sourcecode.swift; path = Input.swift; sourceTree = "<group>"; };
		EF96C4621C32F9850031CEAC /* LightweightCommand.swift */ = {isa = PBXFileReference; fileEncoding = 4; lastKnownFileType = sourcecode.swift; path = LightweightCommand.swift; sourceTree = "<group>"; };
		EF96C4641C32F9850031CEAC /* Output.swift */ = {isa = PBXFileReference; fileEncoding = 4; lastKnownFileType = sourcecode.swift; path = Output.swift; sourceTree = "<group>"; };
		EF96C4651C32F9850031CEAC /* RawArguments.swift */ = {isa = PBXFileReference; fileEncoding = 4; lastKnownFileType = sourcecode.swift; path = RawArguments.swift; sourceTree = "<group>"; };
		EF96C4661C32F9850031CEAC /* Router.swift */ = {isa = PBXFileReference; fileEncoding = 4; lastKnownFileType = sourcecode.swift; path = Router.swift; sourceTree = "<group>"; };
		EF96C4671C32F9850031CEAC /* VersionCommand.swift */ = {isa = PBXFileReference; fileEncoding = 4; lastKnownFileType = sourcecode.swift; path = VersionCommand.swift; sourceTree = "<group>"; };
		EF96C47A1C32F98F0031CEAC /* Info.plist */ = {isa = PBXFileReference; fileEncoding = 4; lastKnownFileType = text.plist.xml; path = Info.plist; sourceTree = "<group>"; };
		EFBFD6C61C3251E10068CB26 /* SwiftCLI.framework */ = {isa = PBXFileReference; explicitFileType = wrapper.framework; includeInIndex = 0; path = SwiftCLI.framework; sourceTree = BUILT_PRODUCTS_DIR; };
		EFBFD6C91C3251E10068CB26 /* SwiftCLI.h */ = {isa = PBXFileReference; lastKnownFileType = sourcecode.c.h; path = SwiftCLI.h; sourceTree = "<group>"; };
		EFBFD6CB1C3251E10068CB26 /* Info.plist */ = {isa = PBXFileReference; lastKnownFileType = text.plist.xml; path = Info.plist; sourceTree = "<group>"; };
		EFBFD6D01C3251E10068CB26 /* SwiftCLITests.xctest */ = {isa = PBXFileReference; explicitFileType = wrapper.cfbundle; includeInIndex = 0; path = SwiftCLITests.xctest; sourceTree = BUILT_PRODUCTS_DIR; };
/* End PBXFileReference section */

/* Begin PBXFrameworksBuildPhase section */
		EFBFD6C21C3251E10068CB26 /* Frameworks */ = {
			isa = PBXFrameworksBuildPhase;
			buildActionMask = 2147483647;
			files = (
			);
			runOnlyForDeploymentPostprocessing = 0;
		};
		EFBFD6CD1C3251E10068CB26 /* Frameworks */ = {
			isa = PBXFrameworksBuildPhase;
			buildActionMask = 2147483647;
			files = (
				EFBFD6D11C3251E10068CB26 /* SwiftCLI.framework in Frameworks */,
			);
			runOnlyForDeploymentPostprocessing = 0;
		};
/* End PBXFrameworksBuildPhase section */

/* Begin PBXGroup section */
		EF96C4581C32F9850031CEAC /* Sources */ = {
			isa = PBXGroup;
			children = (
				EF96C4591C32F9850031CEAC /* ChainableCommand.swift */,
				EF96C45A1C32F9850031CEAC /* CLI.swift */,
				EF96C45B1C32F9850031CEAC /* Command.swift */,
				EF192A4D1D319C4900B484A1 /* CommandArgumentParser.swift */,
				EF96C45C1C32F9850031CEAC /* CommandArguments.swift */,
				EF96C45D1C32F9850031CEAC /* CommandMessageGenerator.swift */,
				EF96C45E1C32F9850031CEAC /* CommandSignature.swift */,
				EF96C45F1C32F9850031CEAC /* Extensions.swift */,
				EF96C4601C32F9850031CEAC /* HelpCommand.swift */,
				EF96C4611C32F9850031CEAC /* Input.swift */,
				EF96C4621C32F9850031CEAC /* LightweightCommand.swift */,
				EF192A491D319C3400B484A1 /* OptionParser.swift */,
				EF192A4A1D319C3400B484A1 /* OptionRegistry.swift */,
				EF96C4641C32F9850031CEAC /* Output.swift */,
				EF192A4F1D319C9200B484A1 /* RawArgumentParser.swift */,
				EF96C4651C32F9850031CEAC /* RawArguments.swift */,
				EF96C4661C32F9850031CEAC /* Router.swift */,
				EF96C4671C32F9850031CEAC /* VersionCommand.swift */,
			);
			name = Sources;
			path = ../../Sources;
			sourceTree = "<group>";
		};
		EF96C4771C32F98F0031CEAC /* Tests */ = {
			isa = PBXGroup;
			children = (
				EF96C47A1C32F98F0031CEAC /* Info.plist */,
				EF192A511D319D5100B484A1 /* CommandArgumentsTests.swift */,
				EF192A521D319D5100B484A1 /* CommandMessageGeneratorTests.swift */,
				EF192A531D319D5100B484A1 /* OptionParserTests.swift */,
				EF192A541D319D5100B484A1 /* RouterTests.swift */,
				EF192A551D319D5100B484A1 /* SwiftCLITests.swift */,
				EF192A561D319D5100B484A1 /* TestCommand.swift */,
			);
			name = Tests;
			path = ../../Tests;
			sourceTree = "<group>";
		};
		EFBFD6BC1C3251E10068CB26 = {
			isa = PBXGroup;
			children = (
				EFBFD6C81C3251E10068CB26 /* SwiftCLI */,
				EFBFD6D41C3251E10068CB26 /* SwiftCLITests */,
				EFBFD6C71C3251E10068CB26 /* Products */,
			);
			sourceTree = "<group>";
		};
		EFBFD6C71C3251E10068CB26 /* Products */ = {
			isa = PBXGroup;
			children = (
				EFBFD6C61C3251E10068CB26 /* SwiftCLI.framework */,
				EFBFD6D01C3251E10068CB26 /* SwiftCLITests.xctest */,
			);
			name = Products;
			sourceTree = "<group>";
		};
		EFBFD6C81C3251E10068CB26 /* SwiftCLI */ = {
			isa = PBXGroup;
			children = (
				EFBFD6C91C3251E10068CB26 /* SwiftCLI.h */,
				EFBFD6CB1C3251E10068CB26 /* Info.plist */,
				EF96C4581C32F9850031CEAC /* Sources */,
			);
			path = SwiftCLI;
			sourceTree = "<group>";
		};
		EFBFD6D41C3251E10068CB26 /* SwiftCLITests */ = {
			isa = PBXGroup;
			children = (
				EF96C4551C32F8B10031CEAC /* Info.plist */,
				EF96C4771C32F98F0031CEAC /* Tests */,
			);
			path = SwiftCLITests;
			sourceTree = "<group>";
		};
/* End PBXGroup section */

/* Begin PBXHeadersBuildPhase section */
		EFBFD6C31C3251E10068CB26 /* Headers */ = {
			isa = PBXHeadersBuildPhase;
			buildActionMask = 2147483647;
			files = (
				EFBFD6CA1C3251E10068CB26 /* SwiftCLI.h in Headers */,
			);
			runOnlyForDeploymentPostprocessing = 0;
		};
/* End PBXHeadersBuildPhase section */

/* Begin PBXNativeTarget section */
		EFBFD6C51C3251E10068CB26 /* SwiftCLI */ = {
			isa = PBXNativeTarget;
			buildConfigurationList = EFBFD6DA1C3251E10068CB26 /* Build configuration list for PBXNativeTarget "SwiftCLI" */;
			buildPhases = (
				EFBFD6C11C3251E10068CB26 /* Sources */,
				EFBFD6C21C3251E10068CB26 /* Frameworks */,
				EFBFD6C31C3251E10068CB26 /* Headers */,
				EFBFD6C41C3251E10068CB26 /* Resources */,
			);
			buildRules = (
			);
			dependencies = (
			);
			name = SwiftCLI;
			productName = SwiftCLI;
			productReference = EFBFD6C61C3251E10068CB26 /* SwiftCLI.framework */;
			productType = "com.apple.product-type.framework";
		};
		EFBFD6CF1C3251E10068CB26 /* SwiftCLITests */ = {
			isa = PBXNativeTarget;
			buildConfigurationList = EFBFD6DD1C3251E10068CB26 /* Build configuration list for PBXNativeTarget "SwiftCLITests" */;
			buildPhases = (
				EFBFD6CC1C3251E10068CB26 /* Sources */,
				EFBFD6CD1C3251E10068CB26 /* Frameworks */,
				EFBFD6CE1C3251E10068CB26 /* Resources */,
			);
			buildRules = (
			);
			dependencies = (
				EFBFD6D31C3251E10068CB26 /* PBXTargetDependency */,
			);
			name = SwiftCLITests;
			productName = SwiftCLITests;
			productReference = EFBFD6D01C3251E10068CB26 /* SwiftCLITests.xctest */;
			productType = "com.apple.product-type.bundle.unit-test";
		};
/* End PBXNativeTarget section */

/* Begin PBXProject section */
		EFBFD6BD1C3251E10068CB26 /* Project object */ = {
			isa = PBXProject;
			attributes = {
				LastSwiftUpdateCheck = 0720;
				LastUpgradeCheck = 0800;
				ORGANIZATIONNAME = jakeheis;
				TargetAttributes = {
					EFBFD6C51C3251E10068CB26 = {
						CreatedOnToolsVersion = 7.2;
						LastSwiftMigration = 0800;
					};
					EFBFD6CF1C3251E10068CB26 = {
						CreatedOnToolsVersion = 7.2;
						LastSwiftMigration = 0800;
					};
				};
			};
			buildConfigurationList = EFBFD6C01C3251E10068CB26 /* Build configuration list for PBXProject "SwiftCLI" */;
			compatibilityVersion = "Xcode 3.2";
			developmentRegion = English;
			hasScannedForEncodings = 0;
			knownRegions = (
				en,
			);
			mainGroup = EFBFD6BC1C3251E10068CB26;
			productRefGroup = EFBFD6C71C3251E10068CB26 /* Products */;
			projectDirPath = "";
			projectRoot = "";
			targets = (
				EFBFD6C51C3251E10068CB26 /* SwiftCLI */,
				EFBFD6CF1C3251E10068CB26 /* SwiftCLITests */,
			);
		};
/* End PBXProject section */

/* Begin PBXResourcesBuildPhase section */
		EFBFD6C41C3251E10068CB26 /* Resources */ = {
			isa = PBXResourcesBuildPhase;
			buildActionMask = 2147483647;
			files = (
			);
			runOnlyForDeploymentPostprocessing = 0;
		};
		EFBFD6CE1C3251E10068CB26 /* Resources */ = {
			isa = PBXResourcesBuildPhase;
			buildActionMask = 2147483647;
			files = (
				EF96C4801C32F98F0031CEAC /* Info.plist in Resources */,
			);
			runOnlyForDeploymentPostprocessing = 0;
		};
/* End PBXResourcesBuildPhase section */

/* Begin PBXSourcesBuildPhase section */
		EFBFD6C11C3251E10068CB26 /* Sources */ = {
			isa = PBXSourcesBuildPhase;
			buildActionMask = 2147483647;
			files = (
				EF96C4761C32F9850031CEAC /* VersionCommand.swift in Sources */,
				EF96C4741C32F9850031CEAC /* RawArguments.swift in Sources */,
				EF96C46D1C32F9850031CEAC /* CommandSignature.swift in Sources */,
				EF192A4B1D319C3400B484A1 /* OptionParser.swift in Sources */,
				EF192A501D319C9200B484A1 /* RawArgumentParser.swift in Sources */,
				EF96C4691C32F9850031CEAC /* CLI.swift in Sources */,
				EF96C4681C32F9850031CEAC /* ChainableCommand.swift in Sources */,
				EF96C4731C32F9850031CEAC /* Output.swift in Sources */,
				EF96C46B1C32F9850031CEAC /* CommandArguments.swift in Sources */,
				EF96C4711C32F9850031CEAC /* LightweightCommand.swift in Sources */,
				EF96C46F1C32F9850031CEAC /* HelpCommand.swift in Sources */,
				EF96C46A1C32F9850031CEAC /* Command.swift in Sources */,
				EF96C4751C32F9850031CEAC /* Router.swift in Sources */,
				EF96C4701C32F9850031CEAC /* Input.swift in Sources */,
				EF96C46C1C32F9850031CEAC /* CommandMessageGenerator.swift in Sources */,
				EF96C46E1C32F9850031CEAC /* Extensions.swift in Sources */,
				EF192A4E1D319C4900B484A1 /* CommandArgumentParser.swift in Sources */,
				EF192A4C1D319C3400B484A1 /* OptionRegistry.swift in Sources */,
			);
			runOnlyForDeploymentPostprocessing = 0;
		};
		EFBFD6CC1C3251E10068CB26 /* Sources */ = {
			isa = PBXSourcesBuildPhase;
			buildActionMask = 2147483647;
			files = (
				EF192A5A1D319D5100B484A1 /* RouterTests.swift in Sources */,
				EF192A5B1D319D5100B484A1 /* SwiftCLITests.swift in Sources */,
				EF192A591D319D5100B484A1 /* OptionParserTests.swift in Sources */,
				EF192A571D319D5100B484A1 /* CommandArgumentsTests.swift in Sources */,
				EF192A581D319D5100B484A1 /* CommandMessageGeneratorTests.swift in Sources */,
				EF192A5C1D319D5100B484A1 /* TestCommand.swift in Sources */,
			);
			runOnlyForDeploymentPostprocessing = 0;
		};
/* End PBXSourcesBuildPhase section */

/* Begin PBXTargetDependency section */
		EFBFD6D31C3251E10068CB26 /* PBXTargetDependency */ = {
			isa = PBXTargetDependency;
			target = EFBFD6C51C3251E10068CB26 /* SwiftCLI */;
			targetProxy = EFBFD6D21C3251E10068CB26 /* PBXContainerItemProxy */;
		};
/* End PBXTargetDependency section */

/* Begin XCBuildConfiguration section */
		EFBFD6D81C3251E10068CB26 /* Debug */ = {
			isa = XCBuildConfiguration;
			buildSettings = {
				ALWAYS_SEARCH_USER_PATHS = NO;
				CLANG_CXX_LANGUAGE_STANDARD = "gnu++0x";
				CLANG_CXX_LIBRARY = "libc++";
				CLANG_ENABLE_MODULES = YES;
				CLANG_ENABLE_OBJC_ARC = YES;
				CLANG_WARN_BOOL_CONVERSION = YES;
				CLANG_WARN_CONSTANT_CONVERSION = YES;
				CLANG_WARN_DIRECT_OBJC_ISA_USAGE = YES_ERROR;
				CLANG_WARN_EMPTY_BODY = YES;
				CLANG_WARN_ENUM_CONVERSION = YES;
				CLANG_WARN_INT_CONVERSION = YES;
				CLANG_WARN_OBJC_ROOT_CLASS = YES_ERROR;
				CLANG_WARN_UNREACHABLE_CODE = YES;
				CLANG_WARN__DUPLICATE_METHOD_MATCH = YES;
				CODE_SIGN_IDENTITY = "-";
				COPY_PHASE_STRIP = NO;
				CURRENT_PROJECT_VERSION = 1;
				DEBUG_INFORMATION_FORMAT = dwarf;
				ENABLE_STRICT_OBJC_MSGSEND = YES;
				ENABLE_TESTABILITY = YES;
				GCC_C_LANGUAGE_STANDARD = gnu99;
				GCC_DYNAMIC_NO_PIC = NO;
				GCC_NO_COMMON_BLOCKS = YES;
				GCC_OPTIMIZATION_LEVEL = 0;
				GCC_PREPROCESSOR_DEFINITIONS = (
					"DEBUG=1",
					"$(inherited)",
				);
				GCC_WARN_64_TO_32_BIT_CONVERSION = YES;
				GCC_WARN_ABOUT_RETURN_TYPE = YES_ERROR;
				GCC_WARN_UNDECLARED_SELECTOR = YES;
				GCC_WARN_UNINITIALIZED_AUTOS = YES_AGGRESSIVE;
				GCC_WARN_UNUSED_FUNCTION = YES;
				GCC_WARN_UNUSED_VARIABLE = YES;
				MACOSX_DEPLOYMENT_TARGET = 10.9;
				MTL_ENABLE_DEBUG_INFO = YES;
				ONLY_ACTIVE_ARCH = YES;
				SDKROOT = macosx;
				SWIFT_OPTIMIZATION_LEVEL = "-Onone";
				VERSIONING_SYSTEM = "apple-generic";
				VERSION_INFO_PREFIX = "";
			};
			name = Debug;
		};
		EFBFD6D91C3251E10068CB26 /* Release */ = {
			isa = XCBuildConfiguration;
			buildSettings = {
				ALWAYS_SEARCH_USER_PATHS = NO;
				CLANG_CXX_LANGUAGE_STANDARD = "gnu++0x";
				CLANG_CXX_LIBRARY = "libc++";
				CLANG_ENABLE_MODULES = YES;
				CLANG_ENABLE_OBJC_ARC = YES;
				CLANG_WARN_BOOL_CONVERSION = YES;
				CLANG_WARN_CONSTANT_CONVERSION = YES;
				CLANG_WARN_DIRECT_OBJC_ISA_USAGE = YES_ERROR;
				CLANG_WARN_EMPTY_BODY = YES;
				CLANG_WARN_ENUM_CONVERSION = YES;
				CLANG_WARN_INT_CONVERSION = YES;
				CLANG_WARN_OBJC_ROOT_CLASS = YES_ERROR;
				CLANG_WARN_UNREACHABLE_CODE = YES;
				CLANG_WARN__DUPLICATE_METHOD_MATCH = YES;
				CODE_SIGN_IDENTITY = "-";
				COPY_PHASE_STRIP = NO;
				CURRENT_PROJECT_VERSION = 1;
				DEBUG_INFORMATION_FORMAT = "dwarf-with-dsym";
				ENABLE_NS_ASSERTIONS = NO;
				ENABLE_STRICT_OBJC_MSGSEND = YES;
				GCC_C_LANGUAGE_STANDARD = gnu99;
				GCC_NO_COMMON_BLOCKS = YES;
				GCC_WARN_64_TO_32_BIT_CONVERSION = YES;
				GCC_WARN_ABOUT_RETURN_TYPE = YES_ERROR;
				GCC_WARN_UNDECLARED_SELECTOR = YES;
				GCC_WARN_UNINITIALIZED_AUTOS = YES_AGGRESSIVE;
				GCC_WARN_UNUSED_FUNCTION = YES;
				GCC_WARN_UNUSED_VARIABLE = YES;
				MACOSX_DEPLOYMENT_TARGET = 10.9;
				MTL_ENABLE_DEBUG_INFO = NO;
				SDKROOT = macosx;
				VERSIONING_SYSTEM = "apple-generic";
				VERSION_INFO_PREFIX = "";
			};
			name = Release;
		};
		EFBFD6DB1C3251E10068CB26 /* Debug */ = {
			isa = XCBuildConfiguration;
			buildSettings = {
				ALWAYS_EMBED_SWIFT_STANDARD_LIBRARIES = YES;
				COMBINE_HIDPI_IMAGES = YES;
				DEFINES_MODULE = YES;
				DYLIB_COMPATIBILITY_VERSION = 1;
				DYLIB_CURRENT_VERSION = 1;
				DYLIB_INSTALL_NAME_BASE = "@rpath";
				FRAMEWORK_VERSION = A;
				INFOPLIST_FILE = SwiftCLI/Info.plist;
				INSTALL_PATH = "$(LOCAL_LIBRARY_DIR)/Frameworks";
				LD_RUNPATH_SEARCH_PATHS = "$(inherited) @executable_path/../Frameworks @loader_path/Frameworks";
				PRODUCT_BUNDLE_IDENTIFIER = com.jakeheis.SwiftCLI;
				PRODUCT_NAME = "$(TARGET_NAME)";
				SKIP_INSTALL = YES;
				SWIFT_VERSION = 3.0;
			};
			name = Debug;
		};
		EFBFD6DC1C3251E10068CB26 /* Release */ = {
			isa = XCBuildConfiguration;
			buildSettings = {
				ALWAYS_EMBED_SWIFT_STANDARD_LIBRARIES = YES;
				COMBINE_HIDPI_IMAGES = YES;
				DEFINES_MODULE = YES;
				DYLIB_COMPATIBILITY_VERSION = 1;
				DYLIB_CURRENT_VERSION = 1;
				DYLIB_INSTALL_NAME_BASE = "@rpath";
				FRAMEWORK_VERSION = A;
				INFOPLIST_FILE = SwiftCLI/Info.plist;
				INSTALL_PATH = "$(LOCAL_LIBRARY_DIR)/Frameworks";
				LD_RUNPATH_SEARCH_PATHS = "$(inherited) @executable_path/../Frameworks @loader_path/Frameworks";
				PRODUCT_BUNDLE_IDENTIFIER = com.jakeheis.SwiftCLI;
				PRODUCT_NAME = "$(TARGET_NAME)";
				SKIP_INSTALL = YES;
				SWIFT_OPTIMIZATION_LEVEL = "-Owholemodule";
				SWIFT_VERSION = 3.0;
			};
			name = Release;
		};
		EFBFD6DE1C3251E10068CB26 /* Debug */ = {
			isa = XCBuildConfiguration;
			buildSettings = {
				CLANG_ENABLE_MODULES = YES;
				COMBINE_HIDPI_IMAGES = YES;
				INFOPLIST_FILE = SwiftCLITests/Info.plist;
				LD_RUNPATH_SEARCH_PATHS = "$(inherited) @executable_path/../Frameworks @loader_path/../Frameworks";
				PRODUCT_BUNDLE_IDENTIFIER = com.jakeheis.SwiftCLITests;
				PRODUCT_NAME = "$(TARGET_NAME)";
				SWIFT_OPTIMIZATION_LEVEL = "-Onone";
				SWIFT_VERSION = 3.0;
			};
			name = Debug;
		};
		EFBFD6DF1C3251E10068CB26 /* Release */ = {
			isa = XCBuildConfiguration;
			buildSettings = {
				CLANG_ENABLE_MODULES = YES;
				COMBINE_HIDPI_IMAGES = YES;
				INFOPLIST_FILE = SwiftCLITests/Info.plist;
				LD_RUNPATH_SEARCH_PATHS = "$(inherited) @executable_path/../Frameworks @loader_path/../Frameworks";
				PRODUCT_BUNDLE_IDENTIFIER = com.jakeheis.SwiftCLITests;
				PRODUCT_NAME = "$(TARGET_NAME)";
				SWIFT_OPTIMIZATION_LEVEL = "-Owholemodule";
				SWIFT_VERSION = 3.0;
			};
			name = Release;
		};
/* End XCBuildConfiguration section */

/* Begin XCConfigurationList section */
		EFBFD6C01C3251E10068CB26 /* Build configuration list for PBXProject "SwiftCLI" */ = {
			isa = XCConfigurationList;
			buildConfigurations = (
				EFBFD6D81C3251E10068CB26 /* Debug */,
				EFBFD6D91C3251E10068CB26 /* Release */,
			);
			defaultConfigurationIsVisible = 0;
			defaultConfigurationName = Release;
		};
		EFBFD6DA1C3251E10068CB26 /* Build configuration list for PBXNativeTarget "SwiftCLI" */ = {
			isa = XCConfigurationList;
			buildConfigurations = (
				EFBFD6DB1C3251E10068CB26 /* Debug */,
				EFBFD6DC1C3251E10068CB26 /* Release */,
			);
			defaultConfigurationIsVisible = 0;
			defaultConfigurationName = Release;
		};
		EFBFD6DD1C3251E10068CB26 /* Build configuration list for PBXNativeTarget "SwiftCLITests" */ = {
			isa = XCConfigurationList;
			buildConfigurations = (
				EFBFD6DE1C3251E10068CB26 /* Debug */,
				EFBFD6DF1C3251E10068CB26 /* Release */,
			);
			defaultConfigurationIsVisible = 0;
			defaultConfigurationName = Release;
		};
/* End XCConfigurationList section */
	};
	rootObject = EFBFD6BD1C3251E10068CB26 /* Project object */;
}
