// !$*UTF8*$!
{
	archiveVersion = 1;
	classes = {
	};
	objectVersion = 46;
	objects = {

/* Begin PBXBuildFile section */
		EF8C1C701ACCFB79008AB225 /* CommandArgumentsTests.swift in Sources */ = {isa = PBXBuildFile; fileRef = EFEB0BD1198DD0E90040AFF0 /* CommandArgumentsTests.swift */; };
		EF92BF71198AEF7900BAA12B /* main.swift in Sources */ = {isa = PBXBuildFile; fileRef = EF92BF70198AEF7900BAA12B /* main.swift */; };
		EFA57FDF19A151BC00340DD8 /* RecipeCommand.swift in Sources */ = {isa = PBXBuildFile; fileRef = EFA57FDE19A151BC00340DD8 /* RecipeCommand.swift */; };
		EFCC4C5F1A5D8B310043A606 /* RouterTests.swift in Sources */ = {isa = PBXBuildFile; fileRef = EFCC4C5E1A5D8B310043A606 /* RouterTests.swift */; };
		EFCE40C41ADB0F4D00A69BC9 /* CommandArguments.swift in Sources */ = {isa = PBXBuildFile; fileRef = EFCE40B11ADB0F4D00A69BC9 /* CommandArguments.swift */; };
		EFCE40C51ADB0F4D00A69BC9 /* Options.swift in Sources */ = {isa = PBXBuildFile; fileRef = EFCE40B21ADB0F4D00A69BC9 /* Options.swift */; };
		EFCE40C61ADB0F4D00A69BC9 /* RawArguments.swift in Sources */ = {isa = PBXBuildFile; fileRef = EFCE40B31ADB0F4D00A69BC9 /* RawArguments.swift */; };
		EFCE40C71ADB0F4D00A69BC9 /* CLI.swift in Sources */ = {isa = PBXBuildFile; fileRef = EFCE40B51ADB0F4D00A69BC9 /* CLI.swift */; };
		EFCE40C81ADB0F4D00A69BC9 /* CommandSignature.swift in Sources */ = {isa = PBXBuildFile; fileRef = EFCE40B61ADB0F4D00A69BC9 /* CommandSignature.swift */; };
		EFCE40C91ADB0F4D00A69BC9 /* Extensions.swift in Sources */ = {isa = PBXBuildFile; fileRef = EFCE40B71ADB0F4D00A69BC9 /* Extensions.swift */; };
		EFCE40CA1ADB0F4D00A69BC9 /* Router.swift in Sources */ = {isa = PBXBuildFile; fileRef = EFCE40B81ADB0F4D00A69BC9 /* Router.swift */; };
		EFCE40CB1ADB0F4D00A69BC9 /* ChainableCommand.swift in Sources */ = {isa = PBXBuildFile; fileRef = EFCE40BB1ADB0F4D00A69BC9 /* ChainableCommand.swift */; };
		EFCE40CC1ADB0F4D00A69BC9 /* Command.swift in Sources */ = {isa = PBXBuildFile; fileRef = EFCE40BC1ADB0F4D00A69BC9 /* Command.swift */; };
		EFCE40CD1ADB0F4D00A69BC9 /* LightweightCommand.swift in Sources */ = {isa = PBXBuildFile; fileRef = EFCE40BD1ADB0F4D00A69BC9 /* LightweightCommand.swift */; };
		EFCE40CE1ADB0F4D00A69BC9 /* HelpCommand.swift in Sources */ = {isa = PBXBuildFile; fileRef = EFCE40BF1ADB0F4D00A69BC9 /* HelpCommand.swift */; };
		EFCE40CF1ADB0F4D00A69BC9 /* VersionCommand.swift in Sources */ = {isa = PBXBuildFile; fileRef = EFCE40C01ADB0F4D00A69BC9 /* VersionCommand.swift */; };
		EFCE40D01ADB0F4D00A69BC9 /* Input.swift in Sources */ = {isa = PBXBuildFile; fileRef = EFCE40C21ADB0F4D00A69BC9 /* Input.swift */; };
		EFCE40D11ADB0F4D00A69BC9 /* Output.swift in Sources */ = {isa = PBXBuildFile; fileRef = EFCE40C31ADB0F4D00A69BC9 /* Output.swift */; };
		EFCE40D21ADB0FDA00A69BC9 /* CLI.swift in Sources */ = {isa = PBXBuildFile; fileRef = EFCE40B51ADB0F4D00A69BC9 /* CLI.swift */; };
		EFCE40D31ADB0FDA00A69BC9 /* CommandSignature.swift in Sources */ = {isa = PBXBuildFile; fileRef = EFCE40B61ADB0F4D00A69BC9 /* CommandSignature.swift */; };
		EFCE40D41ADB0FDA00A69BC9 /* Extensions.swift in Sources */ = {isa = PBXBuildFile; fileRef = EFCE40B71ADB0F4D00A69BC9 /* Extensions.swift */; };
		EFCE40D51ADB0FDA00A69BC9 /* Router.swift in Sources */ = {isa = PBXBuildFile; fileRef = EFCE40B81ADB0F4D00A69BC9 /* Router.swift */; };
		EFCE40D61ADB0FDA00A69BC9 /* Command.swift in Sources */ = {isa = PBXBuildFile; fileRef = EFCE40BC1ADB0F4D00A69BC9 /* Command.swift */; };
		EFCE40D71ADB0FDA00A69BC9 /* ChainableCommand.swift in Sources */ = {isa = PBXBuildFile; fileRef = EFCE40BB1ADB0F4D00A69BC9 /* ChainableCommand.swift */; };
		EFCE40D81ADB0FDA00A69BC9 /* LightweightCommand.swift in Sources */ = {isa = PBXBuildFile; fileRef = EFCE40BD1ADB0F4D00A69BC9 /* LightweightCommand.swift */; };
		EFCE40D91ADB0FDA00A69BC9 /* HelpCommand.swift in Sources */ = {isa = PBXBuildFile; fileRef = EFCE40BF1ADB0F4D00A69BC9 /* HelpCommand.swift */; };
		EFCE40DA1ADB0FDA00A69BC9 /* VersionCommand.swift in Sources */ = {isa = PBXBuildFile; fileRef = EFCE40C01ADB0F4D00A69BC9 /* VersionCommand.swift */; };
		EFCE40DB1ADB0FDA00A69BC9 /* CommandArguments.swift in Sources */ = {isa = PBXBuildFile; fileRef = EFCE40B11ADB0F4D00A69BC9 /* CommandArguments.swift */; };
		EFCE40DC1ADB0FDA00A69BC9 /* Options.swift in Sources */ = {isa = PBXBuildFile; fileRef = EFCE40B21ADB0F4D00A69BC9 /* Options.swift */; };
		EFCE40DD1ADB0FDA00A69BC9 /* RawArguments.swift in Sources */ = {isa = PBXBuildFile; fileRef = EFCE40B31ADB0F4D00A69BC9 /* RawArguments.swift */; };
		EFCE40DE1ADB0FDA00A69BC9 /* Input.swift in Sources */ = {isa = PBXBuildFile; fileRef = EFCE40C21ADB0F4D00A69BC9 /* Input.swift */; };
		EFCE40DF1ADB0FDA00A69BC9 /* Output.swift in Sources */ = {isa = PBXBuildFile; fileRef = EFCE40C31ADB0F4D00A69BC9 /* Output.swift */; };
		EFCE40E31ADB127A00A69BC9 /* Result.swift in Sources */ = {isa = PBXBuildFile; fileRef = EFCE40E21ADB127A00A69BC9 /* Result.swift */; };
		EFCE40E41ADB127A00A69BC9 /* Result.swift in Sources */ = {isa = PBXBuildFile; fileRef = EFCE40E21ADB127A00A69BC9 /* Result.swift */; };
		EFCF34761997FF41008691D1 /* OptionsTests.swift in Sources */ = {isa = PBXBuildFile; fileRef = EFCF34751997FF41008691D1 /* OptionsTests.swift */; };
		EFEB0B55198C4D200040AFF0 /* BakeCommand.swift in Sources */ = {isa = PBXBuildFile; fileRef = EFEB0B54198C4D200040AFF0 /* BakeCommand.swift */; };
		EFEB0BCA198DCEDA0040AFF0 /* SwiftCLITests.swift in Sources */ = {isa = PBXBuildFile; fileRef = EFEB0BC9198DCEDA0040AFF0 /* SwiftCLITests.swift */; };
/* End PBXBuildFile section */

/* Begin PBXContainerItemProxy section */
		EFEB0BD3198DD1790040AFF0 /* PBXContainerItemProxy */ = {
			isa = PBXContainerItemProxy;
			containerPortal = EF92BF65198AEF7900BAA12B /* Project object */;
			proxyType = 1;
			remoteGlobalIDString = EF92BF6C198AEF7900BAA12B;
			remoteInfo = Example;
		};
		EFEB0BD5198DD1850040AFF0 /* PBXContainerItemProxy */ = {
			isa = PBXContainerItemProxy;
			containerPortal = EF92BF65198AEF7900BAA12B /* Project object */;
			proxyType = 1;
			remoteGlobalIDString = EF92BF6C198AEF7900BAA12B;
			remoteInfo = Example;
		};
		EFEB0C06198DD1B40040AFF0 /* PBXContainerItemProxy */ = {
			isa = PBXContainerItemProxy;
			containerPortal = EF92BF65198AEF7900BAA12B /* Project object */;
			proxyType = 1;
			remoteGlobalIDString = EF92BF6C198AEF7900BAA12B;
			remoteInfo = Example;
		};
/* End PBXContainerItemProxy section */

/* Begin PBXCopyFilesBuildPhase section */
		EF92BF6B198AEF7900BAA12B /* Copy Files */ = {
			isa = PBXCopyFilesBuildPhase;
			buildActionMask = 2147483647;
			dstPath = usr/share/man/man1;
			dstSubfolderSpec = 10;
			files = (
			);
			name = "Copy Files";
			runOnlyForDeploymentPostprocessing = 1;
		};
/* End PBXCopyFilesBuildPhase section */

/* Begin PBXFileReference section */
		EF92BF6D198AEF7900BAA12B /* Example */ = {isa = PBXFileReference; explicitFileType = "compiled.mach-o.executable"; includeInIndex = 0; path = Example; sourceTree = BUILT_PRODUCTS_DIR; };
		EF92BF70198AEF7900BAA12B /* main.swift */ = {isa = PBXFileReference; lastKnownFileType = sourcecode.swift; path = main.swift; sourceTree = "<group>"; };
		EFA57FDE19A151BC00340DD8 /* RecipeCommand.swift */ = {isa = PBXFileReference; fileEncoding = 4; lastKnownFileType = sourcecode.swift; path = RecipeCommand.swift; sourceTree = "<group>"; };
		EFCC4C5E1A5D8B310043A606 /* RouterTests.swift */ = {isa = PBXFileReference; fileEncoding = 4; lastKnownFileType = sourcecode.swift; path = RouterTests.swift; sourceTree = "<group>"; };
		EFCE40B11ADB0F4D00A69BC9 /* CommandArguments.swift */ = {isa = PBXFileReference; fileEncoding = 4; lastKnownFileType = sourcecode.swift; path = CommandArguments.swift; sourceTree = "<group>"; };
		EFCE40B21ADB0F4D00A69BC9 /* Options.swift */ = {isa = PBXFileReference; fileEncoding = 4; lastKnownFileType = sourcecode.swift; path = Options.swift; sourceTree = "<group>"; };
		EFCE40B31ADB0F4D00A69BC9 /* RawArguments.swift */ = {isa = PBXFileReference; fileEncoding = 4; lastKnownFileType = sourcecode.swift; path = RawArguments.swift; sourceTree = "<group>"; };
		EFCE40B51ADB0F4D00A69BC9 /* CLI.swift */ = {isa = PBXFileReference; fileEncoding = 4; lastKnownFileType = sourcecode.swift; path = CLI.swift; sourceTree = "<group>"; };
		EFCE40B61ADB0F4D00A69BC9 /* CommandSignature.swift */ = {isa = PBXFileReference; fileEncoding = 4; lastKnownFileType = sourcecode.swift; path = CommandSignature.swift; sourceTree = "<group>"; };
		EFCE40B71ADB0F4D00A69BC9 /* Extensions.swift */ = {isa = PBXFileReference; fileEncoding = 4; lastKnownFileType = sourcecode.swift; path = Extensions.swift; sourceTree = "<group>"; };
		EFCE40B81ADB0F4D00A69BC9 /* Router.swift */ = {isa = PBXFileReference; fileEncoding = 4; lastKnownFileType = sourcecode.swift; path = Router.swift; sourceTree = "<group>"; };
		EFCE40BB1ADB0F4D00A69BC9 /* ChainableCommand.swift */ = {isa = PBXFileReference; fileEncoding = 4; lastKnownFileType = sourcecode.swift; path = ChainableCommand.swift; sourceTree = "<group>"; };
		EFCE40BC1ADB0F4D00A69BC9 /* Command.swift */ = {isa = PBXFileReference; fileEncoding = 4; lastKnownFileType = sourcecode.swift; path = Command.swift; sourceTree = "<group>"; };
		EFCE40BD1ADB0F4D00A69BC9 /* LightweightCommand.swift */ = {isa = PBXFileReference; fileEncoding = 4; lastKnownFileType = sourcecode.swift; path = LightweightCommand.swift; sourceTree = "<group>"; };
		EFCE40BF1ADB0F4D00A69BC9 /* HelpCommand.swift */ = {isa = PBXFileReference; fileEncoding = 4; lastKnownFileType = sourcecode.swift; path = HelpCommand.swift; sourceTree = "<group>"; };
		EFCE40C01ADB0F4D00A69BC9 /* VersionCommand.swift */ = {isa = PBXFileReference; fileEncoding = 4; lastKnownFileType = sourcecode.swift; path = VersionCommand.swift; sourceTree = "<group>"; };
		EFCE40C21ADB0F4D00A69BC9 /* Input.swift */ = {isa = PBXFileReference; fileEncoding = 4; lastKnownFileType = sourcecode.swift; path = Input.swift; sourceTree = "<group>"; };
		EFCE40C31ADB0F4D00A69BC9 /* Output.swift */ = {isa = PBXFileReference; fileEncoding = 4; lastKnownFileType = sourcecode.swift; path = Output.swift; sourceTree = "<group>"; };
		EFCE40E21ADB127A00A69BC9 /* Result.swift */ = {isa = PBXFileReference; fileEncoding = 4; lastKnownFileType = sourcecode.swift; name = Result.swift; path = ../Vendor/LlamaKit/LlamaKit/Result.swift; sourceTree = "<group>"; };
		EFCF34751997FF41008691D1 /* OptionsTests.swift */ = {isa = PBXFileReference; fileEncoding = 4; lastKnownFileType = sourcecode.swift; path = OptionsTests.swift; sourceTree = "<group>"; };
		EFEB0B54198C4D200040AFF0 /* BakeCommand.swift */ = {isa = PBXFileReference; fileEncoding = 4; lastKnownFileType = sourcecode.swift; path = BakeCommand.swift; sourceTree = "<group>"; };
		EFEB0BC5198DCEDA0040AFF0 /* SwiftCLITests.xctest */ = {isa = PBXFileReference; explicitFileType = wrapper.cfbundle; includeInIndex = 0; path = SwiftCLITests.xctest; sourceTree = BUILT_PRODUCTS_DIR; };
		EFEB0BC8198DCEDA0040AFF0 /* Info.plist */ = {isa = PBXFileReference; lastKnownFileType = text.plist.xml; path = Info.plist; sourceTree = "<group>"; };
		EFEB0BC9198DCEDA0040AFF0 /* SwiftCLITests.swift */ = {isa = PBXFileReference; lastKnownFileType = sourcecode.swift; path = SwiftCLITests.swift; sourceTree = "<group>"; };
		EFEB0BD1198DD0E90040AFF0 /* CommandArgumentsTests.swift */ = {isa = PBXFileReference; fileEncoding = 4; lastKnownFileType = sourcecode.swift; path = CommandArgumentsTests.swift; sourceTree = "<group>"; };
/* End PBXFileReference section */

/* Begin PBXFrameworksBuildPhase section */
		EF92BF6A198AEF7900BAA12B /* Frameworks */ = {
			isa = PBXFrameworksBuildPhase;
			buildActionMask = 2147483647;
			files = (
			);
			runOnlyForDeploymentPostprocessing = 0;
		};
		EFEB0BC2198DCEDA0040AFF0 /* Frameworks */ = {
			isa = PBXFrameworksBuildPhase;
			buildActionMask = 2147483647;
			files = (
			);
			runOnlyForDeploymentPostprocessing = 0;
		};
/* End PBXFrameworksBuildPhase section */

/* Begin PBXGroup section */
		EF92BF64198AEF7900BAA12B = {
			isa = PBXGroup;
			children = (
				EF92BF6F198AEF7900BAA12B /* Example */,
				EFEB0BC6198DCEDA0040AFF0 /* SwiftCLITests */,
				EF92BF6E198AEF7900BAA12B /* Products */,
			);
			sourceTree = "<group>";
		};
		EF92BF6E198AEF7900BAA12B /* Products */ = {
			isa = PBXGroup;
			children = (
				EF92BF6D198AEF7900BAA12B /* Example */,
				EFEB0BC5198DCEDA0040AFF0 /* SwiftCLITests.xctest */,
			);
			name = Products;
			sourceTree = "<group>";
		};
		EF92BF6F198AEF7900BAA12B /* Example */ = {
			isa = PBXGroup;
			children = (
				EF92BF70198AEF7900BAA12B /* main.swift */,
				EFEB0B54198C4D200040AFF0 /* BakeCommand.swift */,
				EFA57FDE19A151BC00340DD8 /* RecipeCommand.swift */,
				EFCE40AF1ADB0F4D00A69BC9 /* SwiftCLI */,
			);
			path = Example;
			sourceTree = "<group>";
		};
		EFCE40AF1ADB0F4D00A69BC9 /* SwiftCLI */ = {
			isa = PBXGroup;
			children = (
				EFCE40B41ADB0F4D00A69BC9 /* CLI */,
				EFCE40B91ADB0F4D00A69BC9 /* Commands */,
				EFCE40B01ADB0F4D00A69BC9 /* Arguments */,
				EFCE40C11ADB0F4D00A69BC9 /* IO */,
				EFCE40E11ADB126900A69BC9 /* Vendor */,
			);
			name = SwiftCLI;
			path = ../../SwiftCLI;
			sourceTree = "<group>";
		};
		EFCE40B01ADB0F4D00A69BC9 /* Arguments */ = {
			isa = PBXGroup;
			children = (
				EFCE40B11ADB0F4D00A69BC9 /* CommandArguments.swift */,
				EFCE40B21ADB0F4D00A69BC9 /* Options.swift */,
				EFCE40B31ADB0F4D00A69BC9 /* RawArguments.swift */,
			);
			path = Arguments;
			sourceTree = "<group>";
		};
		EFCE40B41ADB0F4D00A69BC9 /* CLI */ = {
			isa = PBXGroup;
			children = (
				EFCE40B51ADB0F4D00A69BC9 /* CLI.swift */,
				EFCE40B61ADB0F4D00A69BC9 /* CommandSignature.swift */,
				EFCE40B71ADB0F4D00A69BC9 /* Extensions.swift */,
				EFCE40B81ADB0F4D00A69BC9 /* Router.swift */,
			);
			path = CLI;
			sourceTree = "<group>";
		};
		EFCE40B91ADB0F4D00A69BC9 /* Commands */ = {
			isa = PBXGroup;
			children = (
				EFCE40BA1ADB0F4D00A69BC9 /* Base */,
				EFCE40BE1ADB0F4D00A69BC9 /* Special */,
			);
			path = Commands;
			sourceTree = "<group>";
		};
		EFCE40BA1ADB0F4D00A69BC9 /* Base */ = {
			isa = PBXGroup;
			children = (
				EFCE40BC1ADB0F4D00A69BC9 /* Command.swift */,
				EFCE40BB1ADB0F4D00A69BC9 /* ChainableCommand.swift */,
				EFCE40BD1ADB0F4D00A69BC9 /* LightweightCommand.swift */,
			);
			path = Base;
			sourceTree = "<group>";
		};
		EFCE40BE1ADB0F4D00A69BC9 /* Special */ = {
			isa = PBXGroup;
			children = (
				EFCE40BF1ADB0F4D00A69BC9 /* HelpCommand.swift */,
				EFCE40C01ADB0F4D00A69BC9 /* VersionCommand.swift */,
			);
			path = Special;
			sourceTree = "<group>";
		};
		EFCE40C11ADB0F4D00A69BC9 /* IO */ = {
			isa = PBXGroup;
			children = (
				EFCE40C21ADB0F4D00A69BC9 /* Input.swift */,
				EFCE40C31ADB0F4D00A69BC9 /* Output.swift */,
			);
			path = IO;
			sourceTree = "<group>";
		};
		EFCE40E01ADB126000A69BC9 /* LlamaKit */ = {
			isa = PBXGroup;
			children = (
				EFCE40E21ADB127A00A69BC9 /* Result.swift */,
			);
			name = LlamaKit;
			path = IO;
			sourceTree = "<group>";
		};
		EFCE40E11ADB126900A69BC9 /* Vendor */ = {
			isa = PBXGroup;
			children = (
				EFCE40E01ADB126000A69BC9 /* LlamaKit */,
			);
			name = Vendor;
			sourceTree = "<group>";
		};
		EFEB0BC6198DCEDA0040AFF0 /* SwiftCLITests */ = {
			isa = PBXGroup;
			children = (
				EFEB0BC9198DCEDA0040AFF0 /* SwiftCLITests.swift */,
				EFEB0BD1198DD0E90040AFF0 /* CommandArgumentsTests.swift */,
				EFCF34751997FF41008691D1 /* OptionsTests.swift */,
				EFCC4C5E1A5D8B310043A606 /* RouterTests.swift */,
				EFEB0BC7198DCEDA0040AFF0 /* Supporting Files */,
			);
			name = SwiftCLITests;
			path = ../SwiftCLITests;
			sourceTree = "<group>";
		};
		EFEB0BC7198DCEDA0040AFF0 /* Supporting Files */ = {
			isa = PBXGroup;
			children = (
				EFEB0BC8198DCEDA0040AFF0 /* Info.plist */,
			);
			name = "Supporting Files";
			sourceTree = "<group>";
		};
/* End PBXGroup section */

/* Begin PBXNativeTarget section */
		EF92BF6C198AEF7900BAA12B /* Example */ = {
			isa = PBXNativeTarget;
			buildConfigurationList = EF92BF74198AEF7900BAA12B /* Build configuration list for PBXNativeTarget "Example" */;
			buildPhases = (
				EF92BF69198AEF7900BAA12B /* Sources */,
				EF92BF6A198AEF7900BAA12B /* Frameworks */,
				EF92BF6B198AEF7900BAA12B /* Copy Files */,
				EFC9E18D19910A4500BC9B48 /* ShellScript */,
			);
			buildRules = (
			);
			dependencies = (
			);
			name = Example;
			productName = Example;
			productReference = EF92BF6D198AEF7900BAA12B /* Example */;
			productType = "com.apple.product-type.tool";
		};
		EFEB0BC4198DCEDA0040AFF0 /* SwiftCLITests */ = {
			isa = PBXNativeTarget;
			buildConfigurationList = EFEB0BCD198DCEDA0040AFF0 /* Build configuration list for PBXNativeTarget "SwiftCLITests" */;
			buildPhases = (
				EFEB0BC1198DCEDA0040AFF0 /* Sources */,
				EFEB0BC2198DCEDA0040AFF0 /* Frameworks */,
				EFEB0BC3198DCEDA0040AFF0 /* Resources */,
			);
			buildRules = (
			);
			dependencies = (
				EFEB0BD4198DD1790040AFF0 /* PBXTargetDependency */,
				EFEB0BD6198DD1850040AFF0 /* PBXTargetDependency */,
				EFEB0C07198DD1B40040AFF0 /* PBXTargetDependency */,
			);
			name = SwiftCLITests;
			productName = SwiftCLITests;
			productReference = EFEB0BC5198DCEDA0040AFF0 /* SwiftCLITests.xctest */;
			productType = "com.apple.product-type.bundle.unit-test";
		};
/* End PBXNativeTarget section */

/* Begin PBXProject section */
		EF92BF65198AEF7900BAA12B /* Project object */ = {
			isa = PBXProject;
			attributes = {
				LastUpgradeCheck = 0600;
				ORGANIZATIONNAME = jakeheis;
				TargetAttributes = {
					EF92BF6C198AEF7900BAA12B = {
						CreatedOnToolsVersion = 6.0;
					};
					EFEB0BC4198DCEDA0040AFF0 = {
						CreatedOnToolsVersion = 6.0;
						TestTargetID = EF92BF6C198AEF7900BAA12B;
					};
				};
			};
			buildConfigurationList = EF92BF68198AEF7900BAA12B /* Build configuration list for PBXProject "Example" */;
			compatibilityVersion = "Xcode 3.2";
			developmentRegion = English;
			hasScannedForEncodings = 0;
			knownRegions = (
				en,
			);
			mainGroup = EF92BF64198AEF7900BAA12B;
			productRefGroup = EF92BF6E198AEF7900BAA12B /* Products */;
			projectDirPath = "";
			projectRoot = "";
			targets = (
				EF92BF6C198AEF7900BAA12B /* Example */,
				EFEB0BC4198DCEDA0040AFF0 /* SwiftCLITests */,
			);
		};
/* End PBXProject section */

/* Begin PBXResourcesBuildPhase section */
		EFEB0BC3198DCEDA0040AFF0 /* Resources */ = {
			isa = PBXResourcesBuildPhase;
			buildActionMask = 2147483647;
			files = (
			);
			runOnlyForDeploymentPostprocessing = 0;
		};
/* End PBXResourcesBuildPhase section */

/* Begin PBXShellScriptBuildPhase section */
		EFC9E18D19910A4500BC9B48 /* ShellScript */ = {
			isa = PBXShellScriptBuildPhase;
			buildActionMask = 2147483647;
			files = (
			);
			inputPaths = (
			);
			outputPaths = (
			);
			runOnlyForDeploymentPostprocessing = 0;
			shellPath = /bin/sh;
			shellScript = "lowercase_name=\"baker\"\nnew_path=/usr/local/bin/$lowercase_name\n\nln -nsf \"$BUILT_PRODUCTS_DIR/$PRODUCT_NAME\" \"$new_path\"\n";
			showEnvVarsInLog = 0;
		};
/* End PBXShellScriptBuildPhase section */

/* Begin PBXSourcesBuildPhase section */
		EF92BF69198AEF7900BAA12B /* Sources */ = {
			isa = PBXSourcesBuildPhase;
			buildActionMask = 2147483647;
			files = (
				EFCE40E31ADB127A00A69BC9 /* Result.swift in Sources */,
				EFCE40D21ADB0FDA00A69BC9 /* CLI.swift in Sources */,
				EFCE40D31ADB0FDA00A69BC9 /* CommandSignature.swift in Sources */,
				EFCE40D41ADB0FDA00A69BC9 /* Extensions.swift in Sources */,
				EFCE40D51ADB0FDA00A69BC9 /* Router.swift in Sources */,
				EFCE40D61ADB0FDA00A69BC9 /* Command.swift in Sources */,
				EFCE40D71ADB0FDA00A69BC9 /* ChainableCommand.swift in Sources */,
				EFCE40D81ADB0FDA00A69BC9 /* LightweightCommand.swift in Sources */,
				EFCE40D91ADB0FDA00A69BC9 /* HelpCommand.swift in Sources */,
				EFCE40DA1ADB0FDA00A69BC9 /* VersionCommand.swift in Sources */,
				EFCE40DB1ADB0FDA00A69BC9 /* CommandArguments.swift in Sources */,
				EFCE40DC1ADB0FDA00A69BC9 /* Options.swift in Sources */,
				EFCE40DD1ADB0FDA00A69BC9 /* RawArguments.swift in Sources */,
				EFCE40DE1ADB0FDA00A69BC9 /* Input.swift in Sources */,
				EFCE40DF1ADB0FDA00A69BC9 /* Output.swift in Sources */,
				EFEB0B55198C4D200040AFF0 /* BakeCommand.swift in Sources */,
				EFA57FDF19A151BC00340DD8 /* RecipeCommand.swift in Sources */,
				EF92BF71198AEF7900BAA12B /* main.swift in Sources */,
			);
			runOnlyForDeploymentPostprocessing = 0;
		};
		EFEB0BC1198DCEDA0040AFF0 /* Sources */ = {
			isa = PBXSourcesBuildPhase;
			buildActionMask = 2147483647;
			files = (
				EFCE40C81ADB0F4D00A69BC9 /* CommandSignature.swift in Sources */,
				EFCF34761997FF41008691D1 /* OptionsTests.swift in Sources */,
				EFCE40E41ADB127A00A69BC9 /* Result.swift in Sources */,
				EFCE40D11ADB0F4D00A69BC9 /* Output.swift in Sources */,
				EFCC4C5F1A5D8B310043A606 /* RouterTests.swift in Sources */,
				EFCE40CE1ADB0F4D00A69BC9 /* HelpCommand.swift in Sources */,
				EFCE40CA1ADB0F4D00A69BC9 /* Router.swift in Sources */,
				EFCE40D01ADB0F4D00A69BC9 /* Input.swift in Sources */,
				EFEB0BCA198DCEDA0040AFF0 /* SwiftCLITests.swift in Sources */,
				EFCE40C41ADB0F4D00A69BC9 /* CommandArguments.swift in Sources */,
				EFCE40CF1ADB0F4D00A69BC9 /* VersionCommand.swift in Sources */,
				EFCE40C71ADB0F4D00A69BC9 /* CLI.swift in Sources */,
				EFCE40CB1ADB0F4D00A69BC9 /* ChainableCommand.swift in Sources */,
				EFCE40CD1ADB0F4D00A69BC9 /* LightweightCommand.swift in Sources */,
				EFCE40C61ADB0F4D00A69BC9 /* RawArguments.swift in Sources */,
				EF8C1C701ACCFB79008AB225 /* CommandArgumentsTests.swift in Sources */,
				EFCE40CC1ADB0F4D00A69BC9 /* Command.swift in Sources */,
				EFCE40C91ADB0F4D00A69BC9 /* Extensions.swift in Sources */,
				EFCE40C51ADB0F4D00A69BC9 /* Options.swift in Sources */,
			);
			runOnlyForDeploymentPostprocessing = 0;
		};
/* End PBXSourcesBuildPhase section */

/* Begin PBXTargetDependency section */
		EFEB0BD4198DD1790040AFF0 /* PBXTargetDependency */ = {
			isa = PBXTargetDependency;
			target = EF92BF6C198AEF7900BAA12B /* Example */;
			targetProxy = EFEB0BD3198DD1790040AFF0 /* PBXContainerItemProxy */;
		};
		EFEB0BD6198DD1850040AFF0 /* PBXTargetDependency */ = {
			isa = PBXTargetDependency;
			target = EF92BF6C198AEF7900BAA12B /* Example */;
			targetProxy = EFEB0BD5198DD1850040AFF0 /* PBXContainerItemProxy */;
		};
		EFEB0C07198DD1B40040AFF0 /* PBXTargetDependency */ = {
			isa = PBXTargetDependency;
			target = EF92BF6C198AEF7900BAA12B /* Example */;
			targetProxy = EFEB0C06198DD1B40040AFF0 /* PBXContainerItemProxy */;
		};
/* End PBXTargetDependency section */

/* Begin XCBuildConfiguration section */
		EF92BF72198AEF7900BAA12B /* Debug */ = {
			isa = XCBuildConfiguration;
			buildSettings = {
				ALWAYS_SEARCH_USER_PATHS = NO;
				CLANG_CXX_LANGUAGE_STANDARD = "gnu++0x";
				CLANG_CXX_LIBRARY = "libc++";
				CLANG_ENABLE_MODULES = YES;
				CLANG_ENABLE_OBJC_ARC = YES;
				CLANG_WARN_BOOL_CONVERSION = YES;
				CLANG_WARN_CONSTANT_CONVERSION = YES;
				CLANG_WARN_DIRECT_OBJC_ISA_USAGE = YES_ERROR;
				CLANG_WARN_EMPTY_BODY = YES;
				CLANG_WARN_ENUM_CONVERSION = YES;
				CLANG_WARN_INT_CONVERSION = YES;
				CLANG_WARN_OBJC_ROOT_CLASS = YES_ERROR;
				CLANG_WARN_UNREACHABLE_CODE = YES;
				CLANG_WARN__DUPLICATE_METHOD_MATCH = YES;
				COPY_PHASE_STRIP = NO;
				EMBEDDED_CONTENT_CONTAINS_SWIFT = YES;
				ENABLE_STRICT_OBJC_MSGSEND = YES;
				GCC_C_LANGUAGE_STANDARD = gnu99;
				GCC_DYNAMIC_NO_PIC = NO;
				GCC_OPTIMIZATION_LEVEL = 0;
				GCC_PREPROCESSOR_DEFINITIONS = (
					"DEBUG=1",
					"$(inherited)",
				);
				GCC_SYMBOLS_PRIVATE_EXTERN = NO;
				GCC_WARN_64_TO_32_BIT_CONVERSION = YES;
				GCC_WARN_ABOUT_RETURN_TYPE = YES_ERROR;
				GCC_WARN_UNDECLARED_SELECTOR = YES;
				GCC_WARN_UNINITIALIZED_AUTOS = YES_AGGRESSIVE;
				GCC_WARN_UNUSED_FUNCTION = YES;
				GCC_WARN_UNUSED_VARIABLE = YES;
				MACOSX_DEPLOYMENT_TARGET = 10.10;
				MTL_ENABLE_DEBUG_INFO = YES;
				ONLY_ACTIVE_ARCH = YES;
				SDKROOT = macosx;
				SWIFT_OPTIMIZATION_LEVEL = "-Onone";
			};
			name = Debug;
		};
		EF92BF73198AEF7900BAA12B /* Release */ = {
			isa = XCBuildConfiguration;
			buildSettings = {
				ALWAYS_SEARCH_USER_PATHS = NO;
				CLANG_CXX_LANGUAGE_STANDARD = "gnu++0x";
				CLANG_CXX_LIBRARY = "libc++";
				CLANG_ENABLE_MODULES = YES;
				CLANG_ENABLE_OBJC_ARC = YES;
				CLANG_WARN_BOOL_CONVERSION = YES;
				CLANG_WARN_CONSTANT_CONVERSION = YES;
				CLANG_WARN_DIRECT_OBJC_ISA_USAGE = YES_ERROR;
				CLANG_WARN_EMPTY_BODY = YES;
				CLANG_WARN_ENUM_CONVERSION = YES;
				CLANG_WARN_INT_CONVERSION = YES;
				CLANG_WARN_OBJC_ROOT_CLASS = YES_ERROR;
				CLANG_WARN_UNREACHABLE_CODE = YES;
				CLANG_WARN__DUPLICATE_METHOD_MATCH = YES;
				COPY_PHASE_STRIP = YES;
				DEBUG_INFORMATION_FORMAT = "dwarf-with-dsym";
				EMBEDDED_CONTENT_CONTAINS_SWIFT = YES;
				ENABLE_NS_ASSERTIONS = NO;
				ENABLE_STRICT_OBJC_MSGSEND = YES;
				GCC_C_LANGUAGE_STANDARD = gnu99;
				GCC_WARN_64_TO_32_BIT_CONVERSION = YES;
				GCC_WARN_ABOUT_RETURN_TYPE = YES_ERROR;
				GCC_WARN_UNDECLARED_SELECTOR = YES;
				GCC_WARN_UNINITIALIZED_AUTOS = YES_AGGRESSIVE;
				GCC_WARN_UNUSED_FUNCTION = YES;
				GCC_WARN_UNUSED_VARIABLE = YES;
				MACOSX_DEPLOYMENT_TARGET = 10.10;
				MTL_ENABLE_DEBUG_INFO = NO;
				SDKROOT = macosx;
			};
			name = Release;
		};
		EF92BF75198AEF7900BAA12B /* Debug */ = {
			isa = XCBuildConfiguration;
			buildSettings = {
				EMBEDDED_CONTENT_CONTAINS_SWIFT = YES;
				FRAMEWORK_SEARCH_PATHS = (
					"$(inherited)",
					"$(PROJECT_DIR)/Carthage/Build/Mac",
					"$(LOCAL_LIBRARY_DIR)/Frameworks",
				);
				LD_RUNPATH_SEARCH_PATHS = "$(inherited) '@executable_path/../Frameworks' '@loader_path/Frameworks'";
				PRODUCT_NAME = "$(TARGET_NAME)";
			};
			name = Debug;
		};
		EF92BF76198AEF7900BAA12B /* Release */ = {
			isa = XCBuildConfiguration;
			buildSettings = {
				EMBEDDED_CONTENT_CONTAINS_SWIFT = YES;
				FRAMEWORK_SEARCH_PATHS = (
					"$(inherited)",
					"$(PROJECT_DIR)/Carthage/Build/Mac",
					"$(LOCAL_LIBRARY_DIR)/Frameworks",
				);
				LD_RUNPATH_SEARCH_PATHS = "$(inherited) '@executable_path/../Frameworks' '@loader_path/Frameworks'";
				PRODUCT_NAME = "$(TARGET_NAME)";
			};
			name = Release;
		};
		EFEB0BCB198DCEDA0040AFF0 /* Debug */ = {
			isa = XCBuildConfiguration;
			buildSettings = {
				COMBINE_HIDPI_IMAGES = YES;
				FRAMEWORK_SEARCH_PATHS = (
					"$(DEVELOPER_FRAMEWORKS_DIR)",
					"$(inherited)",
				);
				GCC_PREPROCESSOR_DEFINITIONS = (
					"DEBUG=1",
					"$(inherited)",
				);
				INFOPLIST_FILE = ../SwiftCLITests/Info.plist;
				LD_RUNPATH_SEARCH_PATHS = "$(inherited) @executable_path/../Frameworks @loader_path/../Frameworks";
				PRODUCT_NAME = "$(TARGET_NAME)";
			};
			name = Debug;
		};
		EFEB0BCC198DCEDA0040AFF0 /* Release */ = {
			isa = XCBuildConfiguration;
			buildSettings = {
				COMBINE_HIDPI_IMAGES = YES;
				FRAMEWORK_SEARCH_PATHS = (
					"$(DEVELOPER_FRAMEWORKS_DIR)",
					"$(inherited)",
				);
				INFOPLIST_FILE = ../SwiftCLITests/Info.plist;
				LD_RUNPATH_SEARCH_PATHS = "$(inherited) @executable_path/../Frameworks @loader_path/../Frameworks";
				PRODUCT_NAME = "$(TARGET_NAME)";
			};
			name = Release;
		};
/* End XCBuildConfiguration section */

/* Begin XCConfigurationList section */
		EF92BF68198AEF7900BAA12B /* Build configuration list for PBXProject "Example" */ = {
			isa = XCConfigurationList;
			buildConfigurations = (
				EF92BF72198AEF7900BAA12B /* Debug */,
				EF92BF73198AEF7900BAA12B /* Release */,
			);
			defaultConfigurationIsVisible = 0;
			defaultConfigurationName = Release;
		};
		EF92BF74198AEF7900BAA12B /* Build configuration list for PBXNativeTarget "Example" */ = {
			isa = XCConfigurationList;
			buildConfigurations = (
				EF92BF75198AEF7900BAA12B /* Debug */,
				EF92BF76198AEF7900BAA12B /* Release */,
			);
			defaultConfigurationIsVisible = 0;
			defaultConfigurationName = Release;
		};
		EFEB0BCD198DCEDA0040AFF0 /* Build configuration list for PBXNativeTarget "SwiftCLITests" */ = {
			isa = XCConfigurationList;
			buildConfigurations = (
				EFEB0BCB198DCEDA0040AFF0 /* Debug */,
				EFEB0BCC198DCEDA0040AFF0 /* Release */,
			);
			defaultConfigurationIsVisible = 0;
			defaultConfigurationName = Release;
		};
/* End XCConfigurationList section */
	};
	rootObject = EF92BF65198AEF7900BAA12B /* Project object */;
}
