// !$*UTF8*$!
{
	archiveVersion = 1;
	classes = {
	};
	objectVersion = 46;
	objects = {

/* Begin PBXBuildFile section */
		EF28EE491B2C5A150030ED5C /* CommandArgumentsTests.swift in Sources */ = {isa = PBXBuildFile; fileRef = EF28EE441B2C5A150030ED5C /* CommandArgumentsTests.swift */; };
		EF28EE4A1B2C5A150030ED5C /* Info.plist in Resources */ = {isa = PBXBuildFile; fileRef = EF28EE451B2C5A150030ED5C /* Info.plist */; };
		EF28EE4B1B2C5A150030ED5C /* OptionsTests.swift in Sources */ = {isa = PBXBuildFile; fileRef = EF28EE461B2C5A150030ED5C /* OptionsTests.swift */; };
		EF28EE4C1B2C5A150030ED5C /* RouterTests.swift in Sources */ = {isa = PBXBuildFile; fileRef = EF28EE471B2C5A150030ED5C /* RouterTests.swift */; };
		EF28EE4D1B2C5A150030ED5C /* SwiftCLITests.swift in Sources */ = {isa = PBXBuildFile; fileRef = EF28EE481B2C5A150030ED5C /* SwiftCLITests.swift */; };
		EF28EE641B2C665B0030ED5C /* CommandMessageGeneratorTests.swift in Sources */ = {isa = PBXBuildFile; fileRef = EF28EE631B2C665B0030ED5C /* CommandMessageGeneratorTests.swift */; };
		EF709CCA1C321A53003D8098 /* BakeCommand.swift in Sources */ = {isa = PBXBuildFile; fileRef = EF20FB771C3218D9009A8109 /* BakeCommand.swift */; };
		EF709CCB1C321A53003D8098 /* Bakefile.swift in Sources */ = {isa = PBXBuildFile; fileRef = EF20FB781C3218D9009A8109 /* Bakefile.swift */; };
		EF709CCC1C321A53003D8098 /* main.swift in Sources */ = {isa = PBXBuildFile; fileRef = EF20FB791C3218D9009A8109 /* main.swift */; };
		EF709CCD1C321A53003D8098 /* RecipeCommand.swift in Sources */ = {isa = PBXBuildFile; fileRef = EF20FB7A1C3218D9009A8109 /* RecipeCommand.swift */; };
/* End PBXBuildFile section */

/* Begin PBXContainerItemProxy section */
		EF28EE4E1B2C5AB00030ED5C /* PBXContainerItemProxy */ = {
			isa = PBXContainerItemProxy;
			containerPortal = EF28EDFD1B2C4E7A0030ED5C /* Project object */;
			proxyType = 1;
			remoteGlobalIDString = EF28EE041B2C4E7A0030ED5C;
			remoteInfo = Example;
		};
/* End PBXContainerItemProxy section */

/* Begin PBXCopyFilesBuildPhase section */
		EF28EE031B2C4E7A0030ED5C /* CopyFiles */ = {
			isa = PBXCopyFilesBuildPhase;
			buildActionMask = 2147483647;
			dstPath = /usr/share/man/man1/;
			dstSubfolderSpec = 0;
			files = (
			);
			runOnlyForDeploymentPostprocessing = 1;
		};
/* End PBXCopyFilesBuildPhase section */

/* Begin PBXFileReference section */
		EF20FB771C3218D9009A8109 /* BakeCommand.swift */ = {isa = PBXFileReference; fileEncoding = 4; lastKnownFileType = sourcecode.swift; path = BakeCommand.swift; sourceTree = SOURCE_ROOT; };
		EF20FB781C3218D9009A8109 /* Bakefile.swift */ = {isa = PBXFileReference; fileEncoding = 4; lastKnownFileType = sourcecode.swift; path = Bakefile.swift; sourceTree = SOURCE_ROOT; };
		EF20FB791C3218D9009A8109 /* main.swift */ = {isa = PBXFileReference; fileEncoding = 4; lastKnownFileType = sourcecode.swift; path = main.swift; sourceTree = SOURCE_ROOT; };
		EF20FB7A1C3218D9009A8109 /* RecipeCommand.swift */ = {isa = PBXFileReference; fileEncoding = 4; lastKnownFileType = sourcecode.swift; path = RecipeCommand.swift; sourceTree = SOURCE_ROOT; };
		EF28EE051B2C4E7A0030ED5C /* Example */ = {isa = PBXFileReference; explicitFileType = "compiled.mach-o.executable"; includeInIndex = 0; path = Example; sourceTree = BUILT_PRODUCTS_DIR; };
		EF28EE3A1B2C59CB0030ED5C /* SwiftCLITests.xctest */ = {isa = PBXFileReference; explicitFileType = wrapper.cfbundle; includeInIndex = 0; path = SwiftCLITests.xctest; sourceTree = BUILT_PRODUCTS_DIR; };
		EF28EE441B2C5A150030ED5C /* CommandArgumentsTests.swift */ = {isa = PBXFileReference; fileEncoding = 4; lastKnownFileType = sourcecode.swift; path = CommandArgumentsTests.swift; sourceTree = "<group>"; };
		EF28EE451B2C5A150030ED5C /* Info.plist */ = {isa = PBXFileReference; fileEncoding = 4; lastKnownFileType = text.plist.xml; path = Info.plist; sourceTree = "<group>"; };
		EF28EE461B2C5A150030ED5C /* OptionsTests.swift */ = {isa = PBXFileReference; fileEncoding = 4; lastKnownFileType = sourcecode.swift; path = OptionsTests.swift; sourceTree = "<group>"; };
		EF28EE471B2C5A150030ED5C /* RouterTests.swift */ = {isa = PBXFileReference; fileEncoding = 4; lastKnownFileType = sourcecode.swift; path = RouterTests.swift; sourceTree = "<group>"; };
		EF28EE481B2C5A150030ED5C /* SwiftCLITests.swift */ = {isa = PBXFileReference; fileEncoding = 4; lastKnownFileType = sourcecode.swift; path = SwiftCLITests.swift; sourceTree = "<group>"; };
		EF28EE631B2C665B0030ED5C /* CommandMessageGeneratorTests.swift */ = {isa = PBXFileReference; fileEncoding = 4; lastKnownFileType = sourcecode.swift; path = CommandMessageGeneratorTests.swift; sourceTree = "<group>"; };
/* End PBXFileReference section */

/* Begin PBXFrameworksBuildPhase section */
		EF28EE021B2C4E7A0030ED5C /* Frameworks */ = {
			isa = PBXFrameworksBuildPhase;
			buildActionMask = 2147483647;
			files = (
			);
			runOnlyForDeploymentPostprocessing = 0;
		};
		EF28EE371B2C59CB0030ED5C /* Frameworks */ = {
			isa = PBXFrameworksBuildPhase;
			buildActionMask = 2147483647;
			files = (
			);
			runOnlyForDeploymentPostprocessing = 0;
		};
/* End PBXFrameworksBuildPhase section */

/* Begin PBXGroup section */
		EF28EDFC1B2C4E7A0030ED5C = {
			isa = PBXGroup;
			children = (
				EF28EE071B2C4E7A0030ED5C /* Example */,
				EF28EE431B2C5A150030ED5C /* SwiftCLITests */,
				EF28EE061B2C4E7A0030ED5C /* Products */,
			);
			sourceTree = "<group>";
		};
		EF28EE061B2C4E7A0030ED5C /* Products */ = {
			isa = PBXGroup;
			children = (
				EF28EE051B2C4E7A0030ED5C /* Example */,
				EF28EE3A1B2C59CB0030ED5C /* SwiftCLITests.xctest */,
			);
			name = Products;
			sourceTree = "<group>";
		};
		EF28EE071B2C4E7A0030ED5C /* Example */ = {
			isa = PBXGroup;
			children = (
				EF20FB771C3218D9009A8109 /* BakeCommand.swift */,
				EF20FB781C3218D9009A8109 /* Bakefile.swift */,
				EF20FB791C3218D9009A8109 /* main.swift */,
				EF20FB7A1C3218D9009A8109 /* RecipeCommand.swift */,
			);
			path = Example;
			sourceTree = "<group>";
		};
		EF28EE431B2C5A150030ED5C /* SwiftCLITests */ = {
			isa = PBXGroup;
			children = (
				EF28EE441B2C5A150030ED5C /* CommandArgumentsTests.swift */,
				EF28EE461B2C5A150030ED5C /* OptionsTests.swift */,
				EF28EE471B2C5A150030ED5C /* RouterTests.swift */,
				EF28EE481B2C5A150030ED5C /* SwiftCLITests.swift */,
				EF28EE631B2C665B0030ED5C /* CommandMessageGeneratorTests.swift */,
				EF28EE451B2C5A150030ED5C /* Info.plist */,
			);
			name = SwiftCLITests;
			path = ../SwiftCLITests;
			sourceTree = "<group>";
		};
/* End PBXGroup section */

/* Begin PBXNativeTarget section */
		EF28EE041B2C4E7A0030ED5C /* Example */ = {
			isa = PBXNativeTarget;
			buildConfigurationList = EF28EE0C1B2C4E7A0030ED5C /* Build configuration list for PBXNativeTarget "Example" */;
			buildPhases = (
				EF28EE021B2C4E7A0030ED5C /* Frameworks */,
				EF28EE011B2C4E7A0030ED5C /* Sources */,
				EF28EE031B2C4E7A0030ED5C /* CopyFiles */,
				EF28EE621B2C64880030ED5C /* ShellScript */,
			);
			buildRules = (
			);
			dependencies = (
			);
			name = Example;
			productName = Example;
			productReference = EF28EE051B2C4E7A0030ED5C /* Example */;
			productType = "com.apple.product-type.tool";
		};
		EF28EE391B2C59CB0030ED5C /* SwiftCLITests */ = {
			isa = PBXNativeTarget;
			buildConfigurationList = EF28EE3F1B2C59CB0030ED5C /* Build configuration list for PBXNativeTarget "SwiftCLITests" */;
			buildPhases = (
				EF28EE361B2C59CB0030ED5C /* Sources */,
				EF28EE371B2C59CB0030ED5C /* Frameworks */,
				EF28EE381B2C59CB0030ED5C /* Resources */,
			);
			buildRules = (
			);
			dependencies = (
				EF28EE4F1B2C5AB00030ED5C /* PBXTargetDependency */,
			);
			name = SwiftCLITests;
			productName = SwiftCLITests;
			productReference = EF28EE3A1B2C59CB0030ED5C /* SwiftCLITests.xctest */;
			productType = "com.apple.product-type.bundle.unit-test";
		};
/* End PBXNativeTarget section */

/* Begin PBXProject section */
		EF28EDFD1B2C4E7A0030ED5C /* Project object */ = {
			isa = PBXProject;
			attributes = {
				LastSwiftUpdateCheck = 0720;
				LastUpgradeCheck = 0700;
				ORGANIZATIONNAME = jakeheis;
				TargetAttributes = {
					EF28EE041B2C4E7A0030ED5C = {
						CreatedOnToolsVersion = 7.0;
					};
					EF28EE391B2C59CB0030ED5C = {
						CreatedOnToolsVersion = 7.0;
					};
				};
			};
			buildConfigurationList = EF28EE001B2C4E7A0030ED5C /* Build configuration list for PBXProject "Example" */;
			compatibilityVersion = "Xcode 3.2";
			developmentRegion = English;
			hasScannedForEncodings = 0;
			knownRegions = (
				en,
			);
			mainGroup = EF28EDFC1B2C4E7A0030ED5C;
			productRefGroup = EF28EE061B2C4E7A0030ED5C /* Products */;
			projectDirPath = "";
			projectRoot = "";
			targets = (
				EF28EE041B2C4E7A0030ED5C /* Example */,
				EF28EE391B2C59CB0030ED5C /* SwiftCLITests */,
			);
		};
/* End PBXProject section */

/* Begin PBXResourcesBuildPhase section */
		EF28EE381B2C59CB0030ED5C /* Resources */ = {
			isa = PBXResourcesBuildPhase;
			buildActionMask = 2147483647;
			files = (
				EF28EE4A1B2C5A150030ED5C /* Info.plist in Resources */,
			);
			runOnlyForDeploymentPostprocessing = 0;
		};
/* End PBXResourcesBuildPhase section */

/* Begin PBXShellScriptBuildPhase section */
		EF28EE621B2C64880030ED5C /* ShellScript */ = {
			isa = PBXShellScriptBuildPhase;
			buildActionMask = 2147483647;
			files = (
			);
			inputPaths = (
			);
			outputPaths = (
			);
			runOnlyForDeploymentPostprocessing = 0;
			shellPath = /bin/sh;
			shellScript = "lowercase_name=baker\nnew_path=/usr/local/bin/$lowercase_name\n\nif [ ! -f $new_path ]; then ln -s \"$BUILT_PRODUCTS_DIR/$PRODUCT_NAME\" \"$new_path\"; fi";
		};
/* End PBXShellScriptBuildPhase section */

/* Begin PBXSourcesBuildPhase section */
		EF28EE011B2C4E7A0030ED5C /* Sources */ = {
			isa = PBXSourcesBuildPhase;
			buildActionMask = 2147483647;
			files = (
				EF709CCA1C321A53003D8098 /* BakeCommand.swift in Sources */,
				EF709CCB1C321A53003D8098 /* Bakefile.swift in Sources */,
				EF709CCC1C321A53003D8098 /* main.swift in Sources */,
				EF709CCD1C321A53003D8098 /* RecipeCommand.swift in Sources */,
			);
			runOnlyForDeploymentPostprocessing = 0;
		};
		EF28EE361B2C59CB0030ED5C /* Sources */ = {
			isa = PBXSourcesBuildPhase;
			buildActionMask = 2147483647;
			files = (
				EF28EE4B1B2C5A150030ED5C /* OptionsTests.swift in Sources */,
				EF28EE4C1B2C5A150030ED5C /* RouterTests.swift in Sources */,
				EF28EE4D1B2C5A150030ED5C /* SwiftCLITests.swift in Sources */,
				EF28EE491B2C5A150030ED5C /* CommandArgumentsTests.swift in Sources */,
				EF28EE641B2C665B0030ED5C /* CommandMessageGeneratorTests.swift in Sources */,
			);
			runOnlyForDeploymentPostprocessing = 0;
		};
/* End PBXSourcesBuildPhase section */

/* Begin PBXTargetDependency section */
		EF28EE4F1B2C5AB00030ED5C /* PBXTargetDependency */ = {
			isa = PBXTargetDependency;
			target = EF28EE041B2C4E7A0030ED5C /* Example */;
			targetProxy = EF28EE4E1B2C5AB00030ED5C /* PBXContainerItemProxy */;
		};
/* End PBXTargetDependency section */

/* Begin XCBuildConfiguration section */
		EF28EE0A1B2C4E7A0030ED5C /* Debug */ = {
			isa = XCBuildConfiguration;
			buildSettings = {
				ALWAYS_SEARCH_USER_PATHS = NO;
				CLANG_CXX_LANGUAGE_STANDARD = "gnu++0x";
				CLANG_CXX_LIBRARY = "libc++";
				CLANG_ENABLE_MODULES = YES;
				CLANG_ENABLE_OBJC_ARC = YES;
				CLANG_WARN_BOOL_CONVERSION = YES;
				CLANG_WARN_CONSTANT_CONVERSION = YES;
				CLANG_WARN_DIRECT_OBJC_ISA_USAGE = YES_ERROR;
				CLANG_WARN_EMPTY_BODY = YES;
				CLANG_WARN_ENUM_CONVERSION = YES;
				CLANG_WARN_INT_CONVERSION = YES;
				CLANG_WARN_OBJC_ROOT_CLASS = YES_ERROR;
				CLANG_WARN_UNREACHABLE_CODE = YES;
				CLANG_WARN__DUPLICATE_METHOD_MATCH = YES;
				COPY_PHASE_STRIP = NO;
				DEBUG_INFORMATION_FORMAT = dwarf;
				ENABLE_STRICT_OBJC_MSGSEND = YES;
				ENABLE_TESTABILITY = YES;
				GCC_C_LANGUAGE_STANDARD = gnu99;
				GCC_DYNAMIC_NO_PIC = NO;
				GCC_NO_COMMON_BLOCKS = YES;
				GCC_OPTIMIZATION_LEVEL = 0;
				GCC_PREPROCESSOR_DEFINITIONS = (
					"DEBUG=1",
					"$(inherited)",
				);
				GCC_WARN_64_TO_32_BIT_CONVERSION = YES;
				GCC_WARN_ABOUT_RETURN_TYPE = YES_ERROR;
				GCC_WARN_UNDECLARED_SELECTOR = YES;
				GCC_WARN_UNINITIALIZED_AUTOS = YES_AGGRESSIVE;
				GCC_WARN_UNUSED_FUNCTION = YES;
				GCC_WARN_UNUSED_VARIABLE = YES;
				MACOSX_DEPLOYMENT_TARGET = 10.10;
				MTL_ENABLE_DEBUG_INFO = YES;
				ONLY_ACTIVE_ARCH = YES;
				SDKROOT = macosx;
				SWIFT_OPTIMIZATION_LEVEL = "-Onone";
			};
			name = Debug;
		};
		EF28EE0B1B2C4E7A0030ED5C /* Release */ = {
			isa = XCBuildConfiguration;
			buildSettings = {
				ALWAYS_SEARCH_USER_PATHS = NO;
				CLANG_CXX_LANGUAGE_STANDARD = "gnu++0x";
				CLANG_CXX_LIBRARY = "libc++";
				CLANG_ENABLE_MODULES = YES;
				CLANG_ENABLE_OBJC_ARC = YES;
				CLANG_WARN_BOOL_CONVERSION = YES;
				CLANG_WARN_CONSTANT_CONVERSION = YES;
				CLANG_WARN_DIRECT_OBJC_ISA_USAGE = YES_ERROR;
				CLANG_WARN_EMPTY_BODY = YES;
				CLANG_WARN_ENUM_CONVERSION = YES;
				CLANG_WARN_INT_CONVERSION = YES;
				CLANG_WARN_OBJC_ROOT_CLASS = YES_ERROR;
				CLANG_WARN_UNREACHABLE_CODE = YES;
				CLANG_WARN__DUPLICATE_METHOD_MATCH = YES;
				COPY_PHASE_STRIP = NO;
				DEBUG_INFORMATION_FORMAT = "dwarf-with-dsym";
				ENABLE_NS_ASSERTIONS = NO;
				ENABLE_STRICT_OBJC_MSGSEND = YES;
				GCC_C_LANGUAGE_STANDARD = gnu99;
				GCC_NO_COMMON_BLOCKS = YES;
				GCC_WARN_64_TO_32_BIT_CONVERSION = YES;
				GCC_WARN_ABOUT_RETURN_TYPE = YES_ERROR;
				GCC_WARN_UNDECLARED_SELECTOR = YES;
				GCC_WARN_UNINITIALIZED_AUTOS = YES_AGGRESSIVE;
				GCC_WARN_UNUSED_FUNCTION = YES;
				GCC_WARN_UNUSED_VARIABLE = YES;
				MACOSX_DEPLOYMENT_TARGET = 10.10;
				MTL_ENABLE_DEBUG_INFO = NO;
				SDKROOT = macosx;
			};
			name = Release;
		};
		EF28EE0D1B2C4E7A0030ED5C /* Debug */ = {
			isa = XCBuildConfiguration;
			buildSettings = {
				PRODUCT_NAME = "$(TARGET_NAME)";
			};
			name = Debug;
		};
		EF28EE0E1B2C4E7A0030ED5C /* Release */ = {
			isa = XCBuildConfiguration;
			buildSettings = {
				PRODUCT_NAME = "$(TARGET_NAME)";
			};
			name = Release;
		};
		EF28EE401B2C59CB0030ED5C /* Debug */ = {
			isa = XCBuildConfiguration;
			buildSettings = {
				COMBINE_HIDPI_IMAGES = YES;
				INFOPLIST_FILE = ../SwiftCLITests/Info.plist;
				LD_RUNPATH_SEARCH_PATHS = "$(inherited) @executable_path/../Frameworks @loader_path/../Frameworks";
				PRODUCT_BUNDLE_IDENTIFIER = jakeheis.SwiftCLITests;
				PRODUCT_NAME = "$(TARGET_NAME)";
			};
			name = Debug;
		};
		EF28EE411B2C59CB0030ED5C /* Release */ = {
			isa = XCBuildConfiguration;
			buildSettings = {
				COMBINE_HIDPI_IMAGES = YES;
				INFOPLIST_FILE = ../SwiftCLITests/Info.plist;
				LD_RUNPATH_SEARCH_PATHS = "$(inherited) @executable_path/../Frameworks @loader_path/../Frameworks";
				PRODUCT_BUNDLE_IDENTIFIER = jakeheis.SwiftCLITests;
				PRODUCT_NAME = "$(TARGET_NAME)";
			};
			name = Release;
		};
/* End XCBuildConfiguration section */

/* Begin XCConfigurationList section */
		EF28EE001B2C4E7A0030ED5C /* Build configuration list for PBXProject "Example" */ = {
			isa = XCConfigurationList;
			buildConfigurations = (
				EF28EE0A1B2C4E7A0030ED5C /* Debug */,
				EF28EE0B1B2C4E7A0030ED5C /* Release */,
			);
			defaultConfigurationIsVisible = 0;
			defaultConfigurationName = Release;
		};
		EF28EE0C1B2C4E7A0030ED5C /* Build configuration list for PBXNativeTarget "Example" */ = {
			isa = XCConfigurationList;
			buildConfigurations = (
				EF28EE0D1B2C4E7A0030ED5C /* Debug */,
				EF28EE0E1B2C4E7A0030ED5C /* Release */,
			);
			defaultConfigurationIsVisible = 0;
			defaultConfigurationName = Release;
		};
		EF28EE3F1B2C59CB0030ED5C /* Build configuration list for PBXNativeTarget "SwiftCLITests" */ = {
			isa = XCConfigurationList;
			buildConfigurations = (
				EF28EE401B2C59CB0030ED5C /* Debug */,
				EF28EE411B2C59CB0030ED5C /* Release */,
			);
			defaultConfigurationIsVisible = 0;
			defaultConfigurationName = Release;
		};
/* End XCConfigurationList section */
	};
	rootObject = EF28EDFD1B2C4E7A0030ED5C /* Project object */;
}
